// !$*UTF8*$!
{
	archiveVersion = 1;
	classes = {
	};
	objectVersion = 56;
	objects = {

/* Begin PBXBuildFile section */
		5F4239402BA624A200672087 /* AppDelegate.swift in Sources */ = {isa = PBXBuildFile; fileRef = 5F42393F2BA624A200672087 /* AppDelegate.swift */; };
		5F4239422BA624A200672087 /* SceneDelegate.swift in Sources */ = {isa = PBXBuildFile; fileRef = 5F4239412BA624A200672087 /* SceneDelegate.swift */; };
		5F4239442BA624A200672087 /* ViewController.swift in Sources */ = {isa = PBXBuildFile; fileRef = 5F4239432BA624A200672087 /* ViewController.swift */; };
		5F4239472BA624A200672087 /* Base in Resources */ = {isa = PBXBuildFile; fileRef = 5F4239462BA624A200672087 /* Base */; };
		5F4239492BA624A300672087 /* Assets.xcassets in Resources */ = {isa = PBXBuildFile; fileRef = 5F4239482BA624A300672087 /* Assets.xcassets */; };
		5F42394C2BA624A300672087 /* Base in Resources */ = {isa = PBXBuildFile; fileRef = 5F42394B2BA624A300672087 /* Base */; };
		5F4239572BA624A400672087 /* NoahTests.swift in Sources */ = {isa = PBXBuildFile; fileRef = 5F4239562BA624A400672087 /* NoahTests.swift */; };
		5F4239612BA624A400672087 /* NoahUITests.swift in Sources */ = {isa = PBXBuildFile; fileRef = 5F4239602BA624A400672087 /* NoahUITests.swift */; };
		5F4239632BA624A400672087 /* NoahUITestsLaunchTests.swift in Sources */ = {isa = PBXBuildFile; fileRef = 5F4239622BA624A400672087 /* NoahUITestsLaunchTests.swift */; };
/* End PBXBuildFile section */

/* Begin PBXContainerItemProxy section */
		5F4239532BA624A400672087 /* PBXContainerItemProxy */ = {
			isa = PBXContainerItemProxy;
			containerPortal = 5F4239342BA624A200672087 /* Project object */;
			proxyType = 1;
			remoteGlobalIDString = 5F42393B2BA624A200672087;
			remoteInfo = Noah;
		};
		5F42395D2BA624A400672087 /* PBXContainerItemProxy */ = {
			isa = PBXContainerItemProxy;
			containerPortal = 5F4239342BA624A200672087 /* Project object */;
			proxyType = 1;
			remoteGlobalIDString = 5F42393B2BA624A200672087;
			remoteInfo = Noah;
		};
/* End PBXContainerItemProxy section */

/* Begin PBXFileReference section */
		5F42393C2BA624A200672087 /* Noah.app */ = {isa = PBXFileReference; explicitFileType = wrapper.application; includeInIndex = 0; path = Noah.app; sourceTree = BUILT_PRODUCTS_DIR; };
		5F42393F2BA624A200672087 /* AppDelegate.swift */ = {isa = PBXFileReference; lastKnownFileType = sourcecode.swift; path = AppDelegate.swift; sourceTree = "<group>"; };
		5F4239412BA624A200672087 /* SceneDelegate.swift */ = {isa = PBXFileReference; lastKnownFileType = sourcecode.swift; path = SceneDelegate.swift; sourceTree = "<group>"; };
		5F4239432BA624A200672087 /* ViewController.swift */ = {isa = PBXFileReference; lastKnownFileType = sourcecode.swift; path = ViewController.swift; sourceTree = "<group>"; };
		5F4239462BA624A200672087 /* Base */ = {isa = PBXFileReference; lastKnownFileType = file.storyboard; name = Base; path = Base.lproj/Main.storyboard; sourceTree = "<group>"; };
		5F4239482BA624A300672087 /* Assets.xcassets */ = {isa = PBXFileReference; lastKnownFileType = folder.assetcatalog; path = Assets.xcassets; sourceTree = "<group>"; };
		5F42394B2BA624A300672087 /* Base */ = {isa = PBXFileReference; lastKnownFileType = file.storyboard; name = Base; path = Base.lproj/LaunchScreen.storyboard; sourceTree = "<group>"; };
		5F42394D2BA624A300672087 /* Info.plist */ = {isa = PBXFileReference; lastKnownFileType = text.plist.xml; path = Info.plist; sourceTree = "<group>"; };
		5F4239522BA624A400672087 /* NoahTests.xctest */ = {isa = PBXFileReference; explicitFileType = wrapper.cfbundle; includeInIndex = 0; path = NoahTests.xctest; sourceTree = BUILT_PRODUCTS_DIR; };
		5F4239562BA624A400672087 /* NoahTests.swift */ = {isa = PBXFileReference; lastKnownFileType = sourcecode.swift; path = NoahTests.swift; sourceTree = "<group>"; };
		5F42395C2BA624A400672087 /* NoahUITests.xctest */ = {isa = PBXFileReference; explicitFileType = wrapper.cfbundle; includeInIndex = 0; path = NoahUITests.xctest; sourceTree = BUILT_PRODUCTS_DIR; };
		5F4239602BA624A400672087 /* NoahUITests.swift */ = {isa = PBXFileReference; lastKnownFileType = sourcecode.swift; path = NoahUITests.swift; sourceTree = "<group>"; };
		5F4239622BA624A400672087 /* NoahUITestsLaunchTests.swift */ = {isa = PBXFileReference; lastKnownFileType = sourcecode.swift; path = NoahUITestsLaunchTests.swift; sourceTree = "<group>"; };
/* End PBXFileReference section */

/* Begin PBXFrameworksBuildPhase section */
		5F4239392BA624A200672087 /* Frameworks */ = {
			isa = PBXFrameworksBuildPhase;
			buildActionMask = 2147483647;
			files = (
			);
			runOnlyForDeploymentPostprocessing = 0;
		};
		5F42394F2BA624A400672087 /* Frameworks */ = {
			isa = PBXFrameworksBuildPhase;
			buildActionMask = 2147483647;
			files = (
			);
			runOnlyForDeploymentPostprocessing = 0;
		};
		5F4239592BA624A400672087 /* Frameworks */ = {
			isa = PBXFrameworksBuildPhase;
			buildActionMask = 2147483647;
			files = (
			);
			runOnlyForDeploymentPostprocessing = 0;
		};
/* End PBXFrameworksBuildPhase section */

/* Begin PBXGroup section */
		5F4239332BA624A200672087 = {
			isa = PBXGroup;
			children = (
				5F42393E2BA624A200672087 /* Noah */,
				5F4239552BA624A400672087 /* NoahTests */,
				5F42395F2BA624A400672087 /* NoahUITests */,
				5F42393D2BA624A200672087 /* Products */,
			);
			sourceTree = "<group>";
		};
		5F42393D2BA624A200672087 /* Products */ = {
			isa = PBXGroup;
			children = (
				5F42393C2BA624A200672087 /* Noah.app */,
				5F4239522BA624A400672087 /* NoahTests.xctest */,
				5F42395C2BA624A400672087 /* NoahUITests.xctest */,
			);
			name = Products;
			sourceTree = "<group>";
		};
		5F42393E2BA624A200672087 /* Noah */ = {
			isa = PBXGroup;
			children = (
				5F42393F2BA624A200672087 /* AppDelegate.swift */,
				5F4239412BA624A200672087 /* SceneDelegate.swift */,
				5F4239432BA624A200672087 /* ViewController.swift */,
				5F4239452BA624A200672087 /* Main.storyboard */,
				5F4239482BA624A300672087 /* Assets.xcassets */,
				5F42394A2BA624A300672087 /* LaunchScreen.storyboard */,
				5F42394D2BA624A300672087 /* Info.plist */,
			);
			path = Noah;
			sourceTree = "<group>";
		};
		5F4239552BA624A400672087 /* NoahTests */ = {
			isa = PBXGroup;
			children = (
				5F4239562BA624A400672087 /* NoahTests.swift */,
			);
			path = NoahTests;
			sourceTree = "<group>";
		};
		5F42395F2BA624A400672087 /* NoahUITests */ = {
			isa = PBXGroup;
			children = (
				5F4239602BA624A400672087 /* NoahUITests.swift */,
				5F4239622BA624A400672087 /* NoahUITestsLaunchTests.swift */,
			);
			path = NoahUITests;
			sourceTree = "<group>";
		};
/* End PBXGroup section */

/* Begin PBXNativeTarget section */
		5F42393B2BA624A200672087 /* Noah */ = {
			isa = PBXNativeTarget;
			buildConfigurationList = 5F4239662BA624A400672087 /* Build configuration list for PBXNativeTarget "Noah" */;
			buildPhases = (
				5F4239382BA624A200672087 /* Sources */,
				5F4239392BA624A200672087 /* Frameworks */,
				5F42393A2BA624A200672087 /* Resources */,
			);
			buildRules = (
			);
			dependencies = (
			);
			name = Noah;
			productName = Noah;
			productReference = 5F42393C2BA624A200672087 /* Noah.app */;
			productType = "com.apple.product-type.application";
		};
		5F4239512BA624A400672087 /* NoahTests */ = {
			isa = PBXNativeTarget;
			buildConfigurationList = 5F4239692BA624A400672087 /* Build configuration list for PBXNativeTarget "NoahTests" */;
			buildPhases = (
				5F42394E2BA624A400672087 /* Sources */,
				5F42394F2BA624A400672087 /* Frameworks */,
				5F4239502BA624A400672087 /* Resources */,
			);
			buildRules = (
			);
			dependencies = (
				5F4239542BA624A400672087 /* PBXTargetDependency */,
			);
			name = NoahTests;
			productName = NoahTests;
			productReference = 5F4239522BA624A400672087 /* NoahTests.xctest */;
			productType = "com.apple.product-type.bundle.unit-test";
		};
		5F42395B2BA624A400672087 /* NoahUITests */ = {
			isa = PBXNativeTarget;
			buildConfigurationList = 5F42396C2BA624A400672087 /* Build configuration list for PBXNativeTarget "NoahUITests" */;
			buildPhases = (
				5F4239582BA624A400672087 /* Sources */,
				5F4239592BA624A400672087 /* Frameworks */,
				5F42395A2BA624A400672087 /* Resources */,
			);
			buildRules = (
			);
			dependencies = (
				5F42395E2BA624A400672087 /* PBXTargetDependency */,
			);
			name = NoahUITests;
			productName = NoahUITests;
			productReference = 5F42395C2BA624A400672087 /* NoahUITests.xctest */;
			productType = "com.apple.product-type.bundle.ui-testing";
		};
/* End PBXNativeTarget section */

/* Begin PBXProject section */
		5F4239342BA624A200672087 /* Project object */ = {
			isa = PBXProject;
			attributes = {
				BuildIndependentTargetsInParallel = 1;
				LastSwiftUpdateCheck = 1530;
				LastUpgradeCheck = 1530;
				TargetAttributes = {
					5F42393B2BA624A200672087 = {
						CreatedOnToolsVersion = 15.3;
					};
					5F4239512BA624A400672087 = {
						CreatedOnToolsVersion = 15.3;
						TestTargetID = 5F42393B2BA624A200672087;
					};
					5F42395B2BA624A400672087 = {
						CreatedOnToolsVersion = 15.3;
						TestTargetID = 5F42393B2BA624A200672087;
					};
				};
			};
			buildConfigurationList = 5F4239372BA624A200672087 /* Build configuration list for PBXProject "Noah" */;
			compatibilityVersion = "Xcode 14.0";
			developmentRegion = en;
			hasScannedForEncodings = 0;
			knownRegions = (
				en,
				Base,
			);
			mainGroup = 5F4239332BA624A200672087;
			productRefGroup = 5F42393D2BA624A200672087 /* Products */;
			projectDirPath = "";
			projectRoot = "";
			targets = (
				5F42393B2BA624A200672087 /* Noah */,
				5F4239512BA624A400672087 /* NoahTests */,
				5F42395B2BA624A400672087 /* NoahUITests */,
			);
		};
/* End PBXProject section */

/* Begin PBXResourcesBuildPhase section */
		5F42393A2BA624A200672087 /* Resources */ = {
			isa = PBXResourcesBuildPhase;
			buildActionMask = 2147483647;
			files = (
				5F4239492BA624A300672087 /* Assets.xcassets in Resources */,
				5F42394C2BA624A300672087 /* Base in Resources */,
				5F4239472BA624A200672087 /* Base in Resources */,
			);
			runOnlyForDeploymentPostprocessing = 0;
		};
		5F4239502BA624A400672087 /* Resources */ = {
			isa = PBXResourcesBuildPhase;
			buildActionMask = 2147483647;
			files = (
			);
			runOnlyForDeploymentPostprocessing = 0;
		};
		5F42395A2BA624A400672087 /* Resources */ = {
			isa = PBXResourcesBuildPhase;
			buildActionMask = 2147483647;
			files = (
			);
			runOnlyForDeploymentPostprocessing = 0;
		};
/* End PBXResourcesBuildPhase section */

/* Begin PBXSourcesBuildPhase section */
		5F4239382BA624A200672087 /* Sources */ = {
			isa = PBXSourcesBuildPhase;
			buildActionMask = 2147483647;
			files = (
				5F4239442BA624A200672087 /* ViewController.swift in Sources */,
				5F4239402BA624A200672087 /* AppDelegate.swift in Sources */,
				5F4239422BA624A200672087 /* SceneDelegate.swift in Sources */,
			);
			runOnlyForDeploymentPostprocessing = 0;
		};
		5F42394E2BA624A400672087 /* Sources */ = {
			isa = PBXSourcesBuildPhase;
			buildActionMask = 2147483647;
			files = (
				5F4239572BA624A400672087 /* NoahTests.swift in Sources */,
			);
			runOnlyForDeploymentPostprocessing = 0;
		};
		5F4239582BA624A400672087 /* Sources */ = {
			isa = PBXSourcesBuildPhase;
			buildActionMask = 2147483647;
			files = (
				5F4239632BA624A400672087 /* NoahUITestsLaunchTests.swift in Sources */,
				5F4239612BA624A400672087 /* NoahUITests.swift in Sources */,
			);
			runOnlyForDeploymentPostprocessing = 0;
		};
/* End PBXSourcesBuildPhase section */

/* Begin PBXTargetDependency section */
		5F4239542BA624A400672087 /* PBXTargetDependency */ = {
			isa = PBXTargetDependency;
			target = 5F42393B2BA624A200672087 /* Noah */;
			targetProxy = 5F4239532BA624A400672087 /* PBXContainerItemProxy */;
		};
		5F42395E2BA624A400672087 /* PBXTargetDependency */ = {
			isa = PBXTargetDependency;
			target = 5F42393B2BA624A200672087 /* Noah */;
			targetProxy = 5F42395D2BA624A400672087 /* PBXContainerItemProxy */;
		};
/* End PBXTargetDependency section */

/* Begin PBXVariantGroup section */
		5F4239452BA624A200672087 /* Main.storyboard */ = {
			isa = PBXVariantGroup;
			children = (
				5F4239462BA624A200672087 /* Base */,
			);
			name = Main.storyboard;
			sourceTree = "<group>";
		};
		5F42394A2BA624A300672087 /* LaunchScreen.storyboard */ = {
			isa = PBXVariantGroup;
			children = (
				5F42394B2BA624A300672087 /* Base */,
			);
			name = LaunchScreen.storyboard;
			sourceTree = "<group>";
		};
/* End PBXVariantGroup section */

/* Begin XCBuildConfiguration section */
		5F4239642BA624A400672087 /* Debug */ = {
			isa = XCBuildConfiguration;
			buildSettings = {
				ALWAYS_SEARCH_USER_PATHS = NO;
				ASSETCATALOG_COMPILER_GENERATE_SWIFT_ASSET_SYMBOL_EXTENSIONS = YES;
				CLANG_ANALYZER_NONNULL = YES;
				CLANG_ANALYZER_NUMBER_OBJECT_CONVERSION = YES_AGGRESSIVE;
				CLANG_CXX_LANGUAGE_STANDARD = "gnu++20";
				CLANG_ENABLE_MODULES = YES;
				CLANG_ENABLE_OBJC_ARC = YES;
				CLANG_ENABLE_OBJC_WEAK = YES;
				CLANG_WARN_BLOCK_CAPTURE_AUTORELEASING = YES;
				CLANG_WARN_BOOL_CONVERSION = YES;
				CLANG_WARN_COMMA = YES;
				CLANG_WARN_CONSTANT_CONVERSION = YES;
				CLANG_WARN_DEPRECATED_OBJC_IMPLEMENTATIONS = YES;
				CLANG_WARN_DIRECT_OBJC_ISA_USAGE = YES_ERROR;
				CLANG_WARN_DOCUMENTATION_COMMENTS = YES;
				CLANG_WARN_EMPTY_BODY = YES;
				CLANG_WARN_ENUM_CONVERSION = YES;
				CLANG_WARN_INFINITE_RECURSION = YES;
				CLANG_WARN_INT_CONVERSION = YES;
				CLANG_WARN_NON_LITERAL_NULL_CONVERSION = YES;
				CLANG_WARN_OBJC_IMPLICIT_RETAIN_SELF = YES;
				CLANG_WARN_OBJC_LITERAL_CONVERSION = YES;
				CLANG_WARN_OBJC_ROOT_CLASS = YES_ERROR;
				CLANG_WARN_QUOTED_INCLUDE_IN_FRAMEWORK_HEADER = YES;
				CLANG_WARN_RANGE_LOOP_ANALYSIS = YES;
				CLANG_WARN_STRICT_PROTOTYPES = YES;
				CLANG_WARN_SUSPICIOUS_MOVE = YES;
				CLANG_WARN_UNGUARDED_AVAILABILITY = YES_AGGRESSIVE;
				CLANG_WARN_UNREACHABLE_CODE = YES;
				CLANG_WARN__DUPLICATE_METHOD_MATCH = YES;
				COPY_PHASE_STRIP = NO;
				DEBUG_INFORMATION_FORMAT = dwarf;
				ENABLE_STRICT_OBJC_MSGSEND = YES;
				ENABLE_TESTABILITY = YES;
				ENABLE_USER_SCRIPT_SANDBOXING = YES;
				GCC_C_LANGUAGE_STANDARD = gnu17;
				GCC_DYNAMIC_NO_PIC = NO;
				GCC_NO_COMMON_BLOCKS = YES;
				GCC_OPTIMIZATION_LEVEL = 0;
				GCC_PREPROCESSOR_DEFINITIONS = (
					"DEBUG=1",
					"$(inherited)",
				);
				GCC_WARN_64_TO_32_BIT_CONVERSION = YES;
				GCC_WARN_ABOUT_RETURN_TYPE = YES_ERROR;
				GCC_WARN_UNDECLARED_SELECTOR = YES;
				GCC_WARN_UNINITIALIZED_AUTOS = YES_AGGRESSIVE;
				GCC_WARN_UNUSED_FUNCTION = YES;
				GCC_WARN_UNUSED_VARIABLE = YES;
				IPHONEOS_DEPLOYMENT_TARGET = 17.4;
				LOCALIZATION_PREFERS_STRING_CATALOGS = YES;
				MTL_ENABLE_DEBUG_INFO = INCLUDE_SOURCE;
				MTL_FAST_MATH = YES;
				ONLY_ACTIVE_ARCH = YES;
				SDKROOT = iphoneos;
				SWIFT_ACTIVE_COMPILATION_CONDITIONS = "DEBUG $(inherited)";
				SWIFT_OPTIMIZATION_LEVEL = "-Onone";
			};
			name = Debug;
		};
		5F4239652BA624A400672087 /* Release */ = {
			isa = XCBuildConfiguration;
			buildSettings = {
				ALWAYS_SEARCH_USER_PATHS = NO;
				ASSETCATALOG_COMPILER_GENERATE_SWIFT_ASSET_SYMBOL_EXTENSIONS = YES;
				CLANG_ANALYZER_NONNULL = YES;
				CLANG_ANALYZER_NUMBER_OBJECT_CONVERSION = YES_AGGRESSIVE;
				CLANG_CXX_LANGUAGE_STANDARD = "gnu++20";
				CLANG_ENABLE_MODULES = YES;
				CLANG_ENABLE_OBJC_ARC = YES;
				CLANG_ENABLE_OBJC_WEAK = YES;
				CLANG_WARN_BLOCK_CAPTURE_AUTORELEASING = YES;
				CLANG_WARN_BOOL_CONVERSION = YES;
				CLANG_WARN_COMMA = YES;
				CLANG_WARN_CONSTANT_CONVERSION = YES;
				CLANG_WARN_DEPRECATED_OBJC_IMPLEMENTATIONS = YES;
				CLANG_WARN_DIRECT_OBJC_ISA_USAGE = YES_ERROR;
				CLANG_WARN_DOCUMENTATION_COMMENTS = YES;
				CLANG_WARN_EMPTY_BODY = YES;
				CLANG_WARN_ENUM_CONVERSION = YES;
				CLANG_WARN_INFINITE_RECURSION = YES;
				CLANG_WARN_INT_CONVERSION = YES;
				CLANG_WARN_NON_LITERAL_NULL_CONVERSION = YES;
				CLANG_WARN_OBJC_IMPLICIT_RETAIN_SELF = YES;
				CLANG_WARN_OBJC_LITERAL_CONVERSION = YES;
				CLANG_WARN_OBJC_ROOT_CLASS = YES_ERROR;
				CLANG_WARN_QUOTED_INCLUDE_IN_FRAMEWORK_HEADER = YES;
				CLANG_WARN_RANGE_LOOP_ANALYSIS = YES;
				CLANG_WARN_STRICT_PROTOTYPES = YES;
				CLANG_WARN_SUSPICIOUS_MOVE = YES;
				CLANG_WARN_UNGUARDED_AVAILABILITY = YES_AGGRESSIVE;
				CLANG_WARN_UNREACHABLE_CODE = YES;
				CLANG_WARN__DUPLICATE_METHOD_MATCH = YES;
				COPY_PHASE_STRIP = NO;
				DEBUG_INFORMATION_FORMAT = "dwarf-with-dsym";
				ENABLE_NS_ASSERTIONS = NO;
				ENABLE_STRICT_OBJC_MSGSEND = YES;
				ENABLE_USER_SCRIPT_SANDBOXING = YES;
				GCC_C_LANGUAGE_STANDARD = gnu17;
				GCC_NO_COMMON_BLOCKS = YES;
				GCC_WARN_64_TO_32_BIT_CONVERSION = YES;
				GCC_WARN_ABOUT_RETURN_TYPE = YES_ERROR;
				GCC_WARN_UNDECLARED_SELECTOR = YES;
				GCC_WARN_UNINITIALIZED_AUTOS = YES_AGGRESSIVE;
				GCC_WARN_UNUSED_FUNCTION = YES;
				GCC_WARN_UNUSED_VARIABLE = YES;
				IPHONEOS_DEPLOYMENT_TARGET = 17.4;
				LOCALIZATION_PREFERS_STRING_CATALOGS = YES;
				MTL_ENABLE_DEBUG_INFO = NO;
				MTL_FAST_MATH = YES;
				SDKROOT = iphoneos;
				SWIFT_COMPILATION_MODE = wholemodule;
				VALIDATE_PRODUCT = YES;
			};
			name = Release;
		};
		5F4239672BA624A400672087 /* Debug */ = {
			isa = XCBuildConfiguration;
			buildSettings = {
				ASSETCATALOG_COMPILER_APPICON_NAME = AppIcon;
				ASSETCATALOG_COMPILER_GLOBAL_ACCENT_COLOR_NAME = AccentColor;
				CODE_SIGN_STYLE = Automatic;
				CURRENT_PROJECT_VERSION = 1;
				GENERATE_INFOPLIST_FILE = YES;
				INFOPLIST_FILE = Noah/Info.plist;
				INFOPLIST_KEY_UIApplicationSupportsIndirectInputEvents = YES;
				INFOPLIST_KEY_UILaunchStoryboardName = LaunchScreen;
				INFOPLIST_KEY_UIMainStoryboardFile = Main;
				INFOPLIST_KEY_UISupportedInterfaceOrientations_iPad = "UIInterfaceOrientationPortrait UIInterfaceOrientationPortraitUpsideDown UIInterfaceOrientationLandscapeLeft UIInterfaceOrientationLandscapeRight";
				INFOPLIST_KEY_UISupportedInterfaceOrientations_iPhone = "UIInterfaceOrientationPortrait UIInterfaceOrientationLandscapeLeft UIInterfaceOrientationLandscapeRight";
				LD_RUNPATH_SEARCH_PATHS = (
					"$(inherited)",
					"@executable_path/Frameworks",
				);
				MARKETING_VERSION = 1.0;
				PRODUCT_BUNDLE_IDENTIFIER = farisa.noah.Noah;
				PRODUCT_NAME = "$(TARGET_NAME)";
				SWIFT_EMIT_LOC_STRINGS = YES;
				SWIFT_VERSION = 5.0;
				TARGETED_DEVICE_FAMILY = "1,2";
			};
			name = Debug;
		};
		5F4239682BA624A400672087 /* Release */ = {
			isa = XCBuildConfiguration;
			buildSettings = {
				ASSETCATALOG_COMPILER_APPICON_NAME = AppIcon;
				ASSETCATALOG_COMPILER_GLOBAL_ACCENT_COLOR_NAME = AccentColor;
				CODE_SIGN_STYLE = Automatic;
				CURRENT_PROJECT_VERSION = 1;
				GENERATE_INFOPLIST_FILE = YES;
				INFOPLIST_FILE = Noah/Info.plist;
				INFOPLIST_KEY_UIApplicationSupportsIndirectInputEvents = YES;
				INFOPLIST_KEY_UILaunchStoryboardName = LaunchScreen;
				INFOPLIST_KEY_UIMainStoryboardFile = Main;
				INFOPLIST_KEY_UISupportedInterfaceOrientations_iPad = "UIInterfaceOrientationPortrait UIInterfaceOrientationPortraitUpsideDown UIInterfaceOrientationLandscapeLeft UIInterfaceOrientationLandscapeRight";
				INFOPLIST_KEY_UISupportedInterfaceOrientations_iPhone = "UIInterfaceOrientationPortrait UIInterfaceOrientationLandscapeLeft UIInterfaceOrientationLandscapeRight";
				LD_RUNPATH_SEARCH_PATHS = (
					"$(inherited)",
					"@executable_path/Frameworks",
				);
				MARKETING_VERSION = 1.0;
				PRODUCT_BUNDLE_IDENTIFIER = farisa.noah.Noah;
				PRODUCT_NAME = "$(TARGET_NAME)";
				SWIFT_EMIT_LOC_STRINGS = YES;
				SWIFT_VERSION = 5.0;
				TARGETED_DEVICE_FAMILY = "1,2";
			};
			name = Release;
		};
		5F42396A2BA624A400672087 /* Debug */ = {
			isa = XCBuildConfiguration;
			buildSettings = {
				ALWAYS_EMBED_SWIFT_STANDARD_LIBRARIES = YES;
				BUNDLE_LOADER = "$(TEST_HOST)";
				CODE_SIGN_STYLE = Automatic;
				CURRENT_PROJECT_VERSION = 1;
				GENERATE_INFOPLIST_FILE = YES;
				IPHONEOS_DEPLOYMENT_TARGET = 17.4;
				MARKETING_VERSION = 1.0;
				PRODUCT_BUNDLE_IDENTIFIER = farisa.noah.NoahTests;
				PRODUCT_NAME = "$(TARGET_NAME)";
				SWIFT_EMIT_LOC_STRINGS = NO;
				SWIFT_VERSION = 5.0;
				TARGETED_DEVICE_FAMILY = "1,2";
				TEST_HOST = "$(BUILT_PRODUCTS_DIR)/Noah.app/$(BUNDLE_EXECUTABLE_FOLDER_PATH)/Noah";
			};
			name = Debug;
		};
		5F42396B2BA624A400672087 /* Release */ = {
			isa = XCBuildConfiguration;
			buildSettings = {
				ALWAYS_EMBED_SWIFT_STANDARD_LIBRARIES = YES;
				BUNDLE_LOADER = "$(TEST_HOST)";
				CODE_SIGN_STYLE = Automatic;
				CURRENT_PROJECT_VERSION = 1;
				GENERATE_INFOPLIST_FILE = YES;
				IPHONEOS_DEPLOYMENT_TARGET = 17.4;
				MARKETING_VERSION = 1.0;
				PRODUCT_BUNDLE_IDENTIFIER = farisa.noah.NoahTests;
				PRODUCT_NAME = "$(TARGET_NAME)";
				SWIFT_EMIT_LOC_STRINGS = NO;
				SWIFT_VERSION = 5.0;
				TARGETED_DEVICE_FAMILY = "1,2";
				TEST_HOST = "$(BUILT_PRODUCTS_DIR)/Noah.app/$(BUNDLE_EXECUTABLE_FOLDER_PATH)/Noah";
			};
			name = Release;
		};
		5F42396D2BA624A400672087 /* Debug */ = {
			isa = XCBuildConfiguration;
			buildSettings = {
				ALWAYS_EMBED_SWIFT_STANDARD_LIBRARIES = YES;
				CODE_SIGN_STYLE = Automatic;
				CURRENT_PROJECT_VERSION = 1;
				GENERATE_INFOPLIST_FILE = YES;
				MARKETING_VERSION = 1.0;
				PRODUCT_BUNDLE_IDENTIFIER = farisa.noah.NoahUITests;
				PRODUCT_NAME = "$(TARGET_NAME)";
				SWIFT_EMIT_LOC_STRINGS = NO;
				SWIFT_VERSION = 5.0;
				TARGETED_DEVICE_FAMILY = "1,2";
				TEST_TARGET_NAME = Noah;
			};
			name = Debug;
		};
		5F42396E2BA624A400672087 /* Release */ = {
			isa = XCBuildConfiguration;
			buildSettings = {
				ALWAYS_EMBED_SWIFT_STANDARD_LIBRARIES = YES;
				CODE_SIGN_STYLE = Automatic;
				CURRENT_PROJECT_VERSION = 1;
				GENERATE_INFOPLIST_FILE = YES;
				MARKETING_VERSION = 1.0;
				PRODUCT_BUNDLE_IDENTIFIER = farisa.noah.NoahUITests;
				PRODUCT_NAME = "$(TARGET_NAME)";
				SWIFT_EMIT_LOC_STRINGS = NO;
				SWIFT_VERSION = 5.0;
				TARGETED_DEVICE_FAMILY = "1,2";
				TEST_TARGET_NAME = Noah;
			};
			name = Release;
		};
/* End XCBuildConfiguration section */

/* Begin XCConfigurationList section */
		5F4239372BA624A200672087 /* Build configuration list for PBXProject "Noah" */ = {
			isa = XCConfigurationList;
			buildConfigurations = (
				5F4239642BA624A400672087 /* Debug */,
				5F4239652BA624A400672087 /* Release */,
			);
			defaultConfigurationIsVisible = 0;
			defaultConfigurationName = Release;
		};
		5F4239662BA624A400672087 /* Build configuration list for PBXNativeTarget "Noah" */ = {
			isa = XCConfigurationList;
			buildConfigurations = (
				5F4239672BA624A400672087 /* Debug */,
				5F4239682BA624A400672087 /* Release */,
			);
			defaultConfigurationIsVisible = 0;
			defaultConfigurationName = Release;
		};
		5F4239692BA624A400672087 /* Build configuration list for PBXNativeTarget "NoahTests" */ = {
			isa = XCConfigurationList;
			buildConfigurations = (
				5F42396A2BA624A400672087 /* Debug */,
				5F42396B2BA624A400672087 /* Release */,
			);
			defaultConfigurationIsVisible = 0;
			defaultConfigurationName = Release;
		};
		5F42396C2BA624A400672087 /* Build configuration list for PBXNativeTarget "NoahUITests" */ = {
			isa = XCConfigurationList;
			buildConfigurations = (
				5F42396D2BA624A400672087 /* Debug */,
				5F42396E2BA624A400672087 /* Release */,
			);
			defaultConfigurationIsVisible = 0;
			defaultConfigurationName = Release;
		};
/* End XCConfigurationList section */
	};
	rootObject = 5F4239342BA624A200672087 /* Project object */;
}
